
Microsoft Visual Studio Solution File, Format Version 12.00
# Visual Studio 15
VisualStudioVersion = 15.0.27428.2015
MinimumVisualStudioVersion = 10.0.40219.1
Project("{FAE04EC0-301F-11D3-BF4B-00C04F79EFBC}") = "AdaptiveCardSample", "AdaptiveCardSample\AdaptiveCardSample.csproj", "{F5AF2643-60BF-40C4-8226-0571CC67C928}"
EndProject
Global
	GlobalSection(SolutionConfigurationPlatforms) = preSolution
		Debug|Any CPU = Debug|Any CPU
		Release|Any CPU = Release|Any CPU
	EndGlobalSection
	GlobalSection(ProjectConfigurationPlatforms) = postSolution
		{F5AF2643-60BF-40C4-8226-0571CC67C928}.Debug|Any CPU.ActiveCfg = Debug|Any CPU
		{F5AF2643-60BF-40C4-8226-0571CC67C928}.Debug|Any CPU.Build.0 = Debug|Any CPU
		{F5AF2643-60BF-40C4-8226-0571CC67C928}.Release|Any CPU.ActiveCfg = Release|Any CPU
		{F5AF2643-60BF-40C4-8226-0571CC67C928}.Release|Any CPU.Build.0 = Release|Any CPU
	EndGlobalSection
	GlobalSection(SolutionProperties) = preSolution
		HideSolutionNode = FALSE
	EndGlobalSection
	GlobalSection(ExtensibilityGlobals) = postSolution
		SolutionGuid = {7DAD3EA7-5BE2-4915-9085-7D8A4E0B39A6}
	EndGlobalSection
EndGlobal
